
Microsoft Visual Studio Solution File, Format Version 12.00
# Visual Studio 14
VisualStudioVersion = 14.0.25420.1
MinimumVisualStudioVersion = 10.0.40219.1
Project("{FAE04EC0-301F-11D3-BF4B-00C04F79EFBC}") = "EFWeb", "EFWeb\EFWeb.csproj", "{E1AD9F31-1164-4B13-881C-AF26E4BEB969}"
EndProject
Project("{FAE04EC0-301F-11D3-BF4B-00C04F79EFBC}") = "DataAccess", "DataAccess\DataAccess.csproj", "{9FC577DA-F752-4BAC-AF2E-1154EC3048CD}"
EndProject
Project("{FAE04EC0-301F-11D3-BF4B-00C04F79EFBC}") = "Models", "Models\Models.csproj", "{6D47E6A3-C709-48A1-A2A7-CADF9E147EEF}"
EndProject
Project("{FAE04EC0-301F-11D3-BF4B-00C04F79EFBC}") = "BusinessLayer", "BussinessLayer\BusinessLayer.csproj", "{49EB4A4B-6D9F-4B01-9EAD-C3C3C97236F4}"
EndProject
Project("{FAE04EC0-301F-11D3-BF4B-00C04F79EFBC}") = "ServiceLibrary", "ServiceLibrary\ServiceLibrary.csproj", "{BEC847C9-C452-4351-A721-713F5AE1528C}"
EndProject
Project("{E24C65DC-7377-472B-9ABA-BC803B73C61A}") = "shopping", "shopping\", "{78CE40FD-4102-4606-8E66-03EEF95FB329}"
	ProjectSection(WebsiteProperties) = preProject
		TargetFrameworkMoniker = ".NETFramework,Version%3Dv4.5.2"
		Debug.AspNetCompiler.VirtualPath = "/localhost_58921"
		Debug.AspNetCompiler.PhysicalPath = "shopping\"
		Debug.AspNetCompiler.TargetPath = "PrecompiledWeb\localhost_58921\"
		Debug.AspNetCompiler.Updateable = "true"
		Debug.AspNetCompiler.ForceOverwrite = "true"
		Debug.AspNetCompiler.FixedNames = "false"
		Debug.AspNetCompiler.Debug = "True"
		Release.AspNetCompiler.VirtualPath = "/localhost_58921"
		Release.AspNetCompiler.PhysicalPath = "shopping\"
		Release.AspNetCompiler.TargetPath = "PrecompiledWeb\localhost_58921\"
		Release.AspNetCompiler.Updateable = "true"
		Release.AspNetCompiler.ForceOverwrite = "true"
		Release.AspNetCompiler.FixedNames = "false"
		Release.AspNetCompiler.Debug = "False"
		VWDPort = "58921"
		SlnRelativePath = "shopping\"
	EndProjectSection
	ProjectSection(ProjectDependencies) = postProject
		{13511199-1E93-4DC2-8A04-B26F31FC6080} = {13511199-1E93-4DC2-8A04-B26F31FC6080}
	EndProjectSection
EndProject
Project("{FAE04EC0-301F-11D3-BF4B-00C04F79EFBC}") = "Host.Service", "Host.Service\Host.Service.csproj", "{13511199-1E93-4DC2-8A04-B26F31FC6080}"
EndProject
Global
	GlobalSection(SolutionConfigurationPlatforms) = preSolution
		Debug|Any CPU = Debug|Any CPU
		Release|Any CPU = Release|Any CPU
	EndGlobalSection
	GlobalSection(ProjectConfigurationPlatforms) = postSolution
		{E1AD9F31-1164-4B13-881C-AF26E4BEB969}.Debug|Any CPU.ActiveCfg = Debug|Any CPU
		{E1AD9F31-1164-4B13-881C-AF26E4BEB969}.Debug|Any CPU.Build.0 = Debug|Any CPU
		{E1AD9F31-1164-4B13-881C-AF26E4BEB969}.Release|Any CPU.ActiveCfg = Release|Any CPU
		{E1AD9F31-1164-4B13-881C-AF26E4BEB969}.Release|Any CPU.Build.0 = Release|Any CPU
		{9FC577DA-F752-4BAC-AF2E-1154EC3048CD}.Debug|Any CPU.ActiveCfg = Debug|Any CPU
		{9FC577DA-F752-4BAC-AF2E-1154EC3048CD}.Debug|Any CPU.Build.0 = Debug|Any CPU
		{9FC577DA-F752-4BAC-AF2E-1154EC3048CD}.Release|Any CPU.ActiveCfg = Release|Any CPU
		{9FC577DA-F752-4BAC-AF2E-1154EC3048CD}.Release|Any CPU.Build.0 = Release|Any CPU
		{6D47E6A3-C709-48A1-A2A7-CADF9E147EEF}.Debug|Any CPU.ActiveCfg = Debug|Any CPU
		{6D47E6A3-C709-48A1-A2A7-CADF9E147EEF}.Debug|Any CPU.Build.0 = Debug|Any CPU
		{6D47E6A3-C709-48A1-A2A7-CADF9E147EEF}.Release|Any CPU.ActiveCfg = Release|Any CPU
		{6D47E6A3-C709-48A1-A2A7-CADF9E147EEF}.Release|Any CPU.Build.0 = Release|Any CPU
		{49EB4A4B-6D9F-4B01-9EAD-C3C3C97236F4}.Debug|Any CPU.ActiveCfg = Debug|Any CPU
		{49EB4A4B-6D9F-4B01-9EAD-C3C3C97236F4}.Debug|Any CPU.Build.0 = Debug|Any CPU
		{49EB4A4B-6D9F-4B01-9EAD-C3C3C97236F4}.Release|Any CPU.ActiveCfg = Release|Any CPU
		{49EB4A4B-6D9F-4B01-9EAD-C3C3C97236F4}.Release|Any CPU.Build.0 = Release|Any CPU
		{BEC847C9-C452-4351-A721-713F5AE1528C}.Debug|Any CPU.ActiveCfg = Debug|Any CPU
		{BEC847C9-C452-4351-A721-713F5AE1528C}.Debug|Any CPU.Build.0 = Debug|Any CPU
		{BEC847C9-C452-4351-A721-713F5AE1528C}.Release|Any CPU.ActiveCfg = Release|Any CPU
		{BEC847C9-C452-4351-A721-713F5AE1528C}.Release|Any CPU.Build.0 = Release|Any CPU
		{78CE40FD-4102-4606-8E66-03EEF95FB329}.Debug|Any CPU.ActiveCfg = Debug|Any CPU
		{78CE40FD-4102-4606-8E66-03EEF95FB329}.Debug|Any CPU.Build.0 = Debug|Any CPU
		{78CE40FD-4102-4606-8E66-03EEF95FB329}.Release|Any CPU.ActiveCfg = Debug|Any CPU
		{78CE40FD-4102-4606-8E66-03EEF95FB329}.Release|Any CPU.Build.0 = Debug|Any CPU
		{13511199-1E93-4DC2-8A04-B26F31FC6080}.Debug|Any CPU.ActiveCfg = Debug|Any CPU
		{13511199-1E93-4DC2-8A04-B26F31FC6080}.Debug|Any CPU.Build.0 = Debug|Any CPU
		{13511199-1E93-4DC2-8A04-B26F31FC6080}.Release|Any CPU.ActiveCfg = Release|Any CPU
		{13511199-1E93-4DC2-8A04-B26F31FC6080}.Release|Any CPU.Build.0 = Release|Any CPU
	EndGlobalSection
	GlobalSection(SolutionProperties) = preSolution
		HideSolutionNode = FALSE
	EndGlobalSection
EndGlobal
